
Microsoft Visual Studio Solution File, Format Version 12.00
# Visual Studio Version 17
VisualStudioVersion = 17.6.33712.159
MinimumVisualStudioVersion = 10.0.40219.1
Project("{9A19103F-16F7-4668-BE54-9A1E7A4F7556}") = "Tarea2", "Tarea2.csproj", "{EEC835A2-C0D8-4640-ACEA-D7D32D1660F7}"
EndProject
Global
	GlobalSection(SolutionConfigurationPlatforms) = preSolution
		Debug|Any CPU = Debug|Any CPU
		Release|Any CPU = Release|Any CPU
	EndGlobalSection
	GlobalSection(ProjectConfigurationPlatforms) = postSolution
		{EEC835A2-C0D8-4640-ACEA-D7D32D1660F7}.Debug|Any CPU.ActiveCfg = Debug|Any CPU
		{EEC835A2-C0D8-4640-ACEA-D7D32D1660F7}.Debug|Any CPU.Build.0 = Debug|Any CPU
		{EEC835A2-C0D8-4640-ACEA-D7D32D1660F7}.Release|Any CPU.ActiveCfg = Release|Any CPU
		{EEC835A2-C0D8-4640-ACEA-D7D32D1660F7}.Release|Any CPU.Build.0 = Release|Any CPU
	EndGlobalSection
	GlobalSection(SolutionProperties) = preSolution
		HideSolutionNode = FALSE
	EndGlobalSection
	GlobalSection(ExtensibilityGlobals) = postSolution
		SolutionGuid = {95324380-28AC-4D39-9E78-0D370711C0A8}
	EndGlobalSection
EndGlobal
